
Microsoft Visual Studio Solution File, Format Version 12.00
# Visual Studio Version 17
VisualStudioVersion = 17.9.34701.34
MinimumVisualStudioVersion = 10.0.40219.1
Project("{FAE04EC0-301F-11D3-BF4B-00C04F79EFBC}") = "DynamicDataQuestion", "DynamicDataQuestion.csproj", "{8E27493C-5135-4483-898C-6E7E93F73A4A}"
EndProject
Global
	GlobalSection(SolutionConfigurationPlatforms) = preSolution
		Debug|Any CPU = Debug|Any CPU
		Release|Any CPU = Release|Any CPU
	EndGlobalSection
	GlobalSection(ProjectConfigurationPlatforms) = postSolution
		{8E27493C-5135-4483-898C-6E7E93F73A4A}.Debug|Any CPU.ActiveCfg = Debug|Any CPU
		{8E27493C-5135-4483-898C-6E7E93F73A4A}.Debug|Any CPU.Build.0 = Debug|Any CPU
		{8E27493C-5135-4483-898C-6E7E93F73A4A}.Debug|Any CPU.Deploy.0 = Debug|Any CPU
		{8E27493C-5135-4483-898C-6E7E93F73A4A}.Release|Any CPU.ActiveCfg = Release|Any CPU
		{8E27493C-5135-4483-898C-6E7E93F73A4A}.Release|Any CPU.Build.0 = Release|Any CPU
		{8E27493C-5135-4483-898C-6E7E93F73A4A}.Release|Any CPU.Deploy.0 = Release|Any CPU
	EndGlobalSection
	GlobalSection(SolutionProperties) = preSolution
		HideSolutionNode = FALSE
	EndGlobalSection
	GlobalSection(ExtensibilityGlobals) = postSolution
		SolutionGuid = {554036A4-A985-42D8-A2DB-EDC1DBA112F9}
	EndGlobalSection
EndGlobal
